
Microsoft Visual Studio Solution File, Format Version 12.00
# Visual Studio Version 17
VisualStudioVersion = 17.5.002.0
MinimumVisualStudioVersion = 10.0.40219.1
Project("{9A19103F-16F7-4668-BE54-9A1E7A4F7556}") = "DesafioFundamentos", "DesafioFundamentos\DesafioFundamentos.csproj", "{3481B01F-2577-4419-B3DD-859FD3BDEC9A}"
EndProject
Global
	GlobalSection(SolutionConfigurationPlatforms) = preSolution
		Debug|Any CPU = Debug|Any CPU
		Release|Any CPU = Release|Any CPU
	EndGlobalSection
	GlobalSection(ProjectConfigurationPlatforms) = postSolution
		{3481B01F-2577-4419-B3DD-859FD3BDEC9A}.Debug|Any CPU.ActiveCfg = Debug|Any CPU
		{3481B01F-2577-4419-B3DD-859FD3BDEC9A}.Debug|Any CPU.Build.0 = Debug|Any CPU
		{3481B01F-2577-4419-B3DD-859FD3BDEC9A}.Release|Any CPU.ActiveCfg = Release|Any CPU
		{3481B01F-2577-4419-B3DD-859FD3BDEC9A}.Release|Any CPU.Build.0 = Release|Any CPU
	EndGlobalSection
	GlobalSection(SolutionProperties) = preSolution
		HideSolutionNode = FALSE
	EndGlobalSection
	GlobalSection(ExtensibilityGlobals) = postSolution
		SolutionGuid = {DD7593AB-07A4-4478-8918-CA069BAC8C5E}
	EndGlobalSection
EndGlobal
